// !$*UTF8*$!
{
	archiveVersion = 1;
	classes = {
	};
	objectVersion = 46;
	objects = {

/* Begin PBXBuildFile section */
		49C1B5311D6DC1910078BBB1 /* objc_murmur3_bloomfilter_tests.m in Sources */ = {isa = PBXBuildFile; fileRef = 49C1B5301D6DC1910078BBB1 /* objc_murmur3_bloomfilter_tests.m */; };
		49C1B5331D6DC1910078BBB1 /* libobjc-murmur3-bloomfilter.a in Frameworks */ = {isa = PBXBuildFile; fileRef = 49C1B5231D6DC1730078BBB1 /* libobjc-murmur3-bloomfilter.a */; };
		49C1B5401D6DC3320078BBB1 /* BitVector.h in Headers */ = {isa = PBXBuildFile; fileRef = 49C1B53A1D6DC3320078BBB1 /* BitVector.h */; };
		49C1B5411D6DC3320078BBB1 /* BitVector.m in Sources */ = {isa = PBXBuildFile; fileRef = 49C1B53B1D6DC3320078BBB1 /* BitVector.m */; };
		49C1B5421D6DC3320078BBB1 /* BloomFilter.h in Headers */ = {isa = PBXBuildFile; fileRef = 49C1B53C1D6DC3320078BBB1 /* BloomFilter.h */; };
		49C1B5431D6DC3320078BBB1 /* BloomFilter.m in Sources */ = {isa = PBXBuildFile; fileRef = 49C1B53D1D6DC3320078BBB1 /* BloomFilter.m */; };
		49C1B5441D6DC3320078BBB1 /* MurmurHash3.h in Headers */ = {isa = PBXBuildFile; fileRef = 49C1B53E1D6DC3320078BBB1 /* MurmurHash3.h */; };
		49C1B5451D6DC3320078BBB1 /* MurmurHash3.m in Sources */ = {isa = PBXBuildFile; fileRef = 49C1B53F1D6DC3320078BBB1 /* MurmurHash3.m */; };
/* End PBXBuildFile section */

/* Begin PBXContainerItemProxy section */
		49C1B5341D6DC1910078BBB1 /* PBXContainerItemProxy */ = {
			isa = PBXContainerItemProxy;
			containerPortal = 49C1B51B1D6DC1730078BBB1 /* Project object */;
			proxyType = 1;
			remoteGlobalIDString = 49C1B5221D6DC1730078BBB1;
			remoteInfo = "objc-murmur3-bloomfilter";
		};
/* End PBXContainerItemProxy section */

/* Begin PBXFileReference section */
		49C1B5231D6DC1730078BBB1 /* libobjc-murmur3-bloomfilter.a */ = {isa = PBXFileReference; explicitFileType = archive.ar; includeInIndex = 0; path = "libobjc-murmur3-bloomfilter.a"; sourceTree = BUILT_PRODUCTS_DIR; };
		49C1B52E1D6DC1910078BBB1 /* objc-murmur3-bloomfilter-tests.xctest */ = {isa = PBXFileReference; explicitFileType = wrapper.cfbundle; includeInIndex = 0; path = "objc-murmur3-bloomfilter-tests.xctest"; sourceTree = BUILT_PRODUCTS_DIR; };
		49C1B5301D6DC1910078BBB1 /* objc_murmur3_bloomfilter_tests.m */ = {isa = PBXFileReference; lastKnownFileType = sourcecode.c.objc; path = objc_murmur3_bloomfilter_tests.m; sourceTree = "<group>"; };
		49C1B5321D6DC1910078BBB1 /* Info.plist */ = {isa = PBXFileReference; lastKnownFileType = text.plist.xml; path = Info.plist; sourceTree = "<group>"; };
		49C1B53A1D6DC3320078BBB1 /* BitVector.h */ = {isa = PBXFileReference; fileEncoding = 4; lastKnownFileType = sourcecode.c.h; name = BitVector.h; path = "objc-murmur3-bloomfilter/BitVector.h"; sourceTree = "<group>"; };
		49C1B53B1D6DC3320078BBB1 /* BitVector.m */ = {isa = PBXFileReference; fileEncoding = 4; lastKnownFileType = sourcecode.c.objc; name = BitVector.m; path = "objc-murmur3-bloomfilter/BitVector.m"; sourceTree = "<group>"; };
		49C1B53C1D6DC3320078BBB1 /* BloomFilter.h */ = {isa = PBXFileReference; fileEncoding = 4; lastKnownFileType = sourcecode.c.h; name = BloomFilter.h; path = "objc-murmur3-bloomfilter/BloomFilter.h"; sourceTree = "<group>"; };
		49C1B53D1D6DC3320078BBB1 /* BloomFilter.m */ = {isa = PBXFileReference; fileEncoding = 4; lastKnownFileType = sourcecode.c.objc; name = BloomFilter.m; path = "objc-murmur3-bloomfilter/BloomFilter.m"; sourceTree = "<group>"; };
		49C1B53E1D6DC3320078BBB1 /* MurmurHash3.h */ = {isa = PBXFileReference; fileEncoding = 4; lastKnownFileType = sourcecode.c.h; name = MurmurHash3.h; path = "objc-murmur3-bloomfilter/MurmurHash3.h"; sourceTree = "<group>"; };
		49C1B53F1D6DC3320078BBB1 /* MurmurHash3.m */ = {isa = PBXFileReference; fileEncoding = 4; lastKnownFileType = sourcecode.c.objc; name = MurmurHash3.m; path = "objc-murmur3-bloomfilter/MurmurHash3.m"; sourceTree = "<group>"; };
/* End PBXFileReference section */

/* Begin PBXFrameworksBuildPhase section */
		49C1B5201D6DC1730078BBB1 /* Frameworks */ = {
			isa = PBXFrameworksBuildPhase;
			buildActionMask = 2147483647;
			files = (
			);
			runOnlyForDeploymentPostprocessing = 0;
		};
		49C1B52B1D6DC1910078BBB1 /* Frameworks */ = {
			isa = PBXFrameworksBuildPhase;
			buildActionMask = 2147483647;
			files = (
				49C1B5331D6DC1910078BBB1 /* libobjc-murmur3-bloomfilter.a in Frameworks */,
			);
			runOnlyForDeploymentPostprocessing = 0;
		};
/* End PBXFrameworksBuildPhase section */

/* Begin PBXGroup section */
		49C1B51A1D6DC1730078BBB1 = {
			isa = PBXGroup;
			children = (
				49C1B5391D6DC19B0078BBB1 /* objc-murmur3-bloomfilter */,
				49C1B52F1D6DC1910078BBB1 /* objc-murmur3-bloomfilter-tests */,
				49C1B5241D6DC1730078BBB1 /* Products */,
			);
			sourceTree = "<group>";
		};
		49C1B5241D6DC1730078BBB1 /* Products */ = {
			isa = PBXGroup;
			children = (
				49C1B5231D6DC1730078BBB1 /* libobjc-murmur3-bloomfilter.a */,
				49C1B52E1D6DC1910078BBB1 /* objc-murmur3-bloomfilter-tests.xctest */,
			);
			name = Products;
			sourceTree = "<group>";
		};
		49C1B52F1D6DC1910078BBB1 /* objc-murmur3-bloomfilter-tests */ = {
			isa = PBXGroup;
			children = (
				49C1B5301D6DC1910078BBB1 /* objc_murmur3_bloomfilter_tests.m */,
				49C1B5321D6DC1910078BBB1 /* Info.plist */,
			);
			path = "objc-murmur3-bloomfilter-tests";
			sourceTree = "<group>";
		};
		49C1B5391D6DC19B0078BBB1 /* objc-murmur3-bloomfilter */ = {
			isa = PBXGroup;
			children = (
				49C1B53A1D6DC3320078BBB1 /* BitVector.h */,
				49C1B53B1D6DC3320078BBB1 /* BitVector.m */,
				49C1B53C1D6DC3320078BBB1 /* BloomFilter.h */,
				49C1B53D1D6DC3320078BBB1 /* BloomFilter.m */,
				49C1B53E1D6DC3320078BBB1 /* MurmurHash3.h */,
				49C1B53F1D6DC3320078BBB1 /* MurmurHash3.m */,
			);
			name = "objc-murmur3-bloomfilter";
			sourceTree = "<group>";
		};
/* End PBXGroup section */

/* Begin PBXHeadersBuildPhase section */
		49C1B5211D6DC1730078BBB1 /* Headers */ = {
			isa = PBXHeadersBuildPhase;
			buildActionMask = 2147483647;
			files = (
				49C1B5421D6DC3320078BBB1 /* BloomFilter.h in Headers */,
				49C1B5401D6DC3320078BBB1 /* BitVector.h in Headers */,
				49C1B5441D6DC3320078BBB1 /* MurmurHash3.h in Headers */,
			);
			runOnlyForDeploymentPostprocessing = 0;
		};
/* End PBXHeadersBuildPhase section */

/* Begin PBXNativeTarget section */
		49C1B5221D6DC1730078BBB1 /* objc-murmur3-bloomfilter */ = {
			isa = PBXNativeTarget;
			buildConfigurationList = 49C1B5271D6DC1730078BBB1 /* Build configuration list for PBXNativeTarget "objc-murmur3-bloomfilter" */;
			buildPhases = (
				49C1B51F1D6DC1730078BBB1 /* Sources */,
				49C1B5201D6DC1730078BBB1 /* Frameworks */,
				49C1B5211D6DC1730078BBB1 /* Headers */,
			);
			buildRules = (
			);
			dependencies = (
			);
			name = "objc-murmur3-bloomfilter";
			productName = "objc-murmur3-bloomfilter";
			productReference = 49C1B5231D6DC1730078BBB1 /* libobjc-murmur3-bloomfilter.a */;
			productType = "com.apple.product-type.library.static";
		};
		49C1B52D1D6DC1910078BBB1 /* objc-murmur3-bloomfilter-tests */ = {
			isa = PBXNativeTarget;
			buildConfigurationList = 49C1B5361D6DC1910078BBB1 /* Build configuration list for PBXNativeTarget "objc-murmur3-bloomfilter-tests" */;
			buildPhases = (
				49C1B52A1D6DC1910078BBB1 /* Sources */,
				49C1B52B1D6DC1910078BBB1 /* Frameworks */,
				49C1B52C1D6DC1910078BBB1 /* Resources */,
			);
			buildRules = (
			);
			dependencies = (
				49C1B5351D6DC1910078BBB1 /* PBXTargetDependency */,
			);
			name = "objc-murmur3-bloomfilter-tests";
			productName = "objc-murmur3-bloomfilter-tests";
			productReference = 49C1B52E1D6DC1910078BBB1 /* objc-murmur3-bloomfilter-tests.xctest */;
			productType = "com.apple.product-type.bundle.unit-test";
		};
/* End PBXNativeTarget section */

/* Begin PBXProject section */
		49C1B51B1D6DC1730078BBB1 /* Project object */ = {
			isa = PBXProject;
			attributes = {
				LastUpgradeCheck = 0730;
				ORGANIZATIONNAME = "Marc Dietrichstein";
				TargetAttributes = {
					49C1B5221D6DC1730078BBB1 = {
						CreatedOnToolsVersion = 7.3.1;
					};
					49C1B52D1D6DC1910078BBB1 = {
						CreatedOnToolsVersion = 7.3.1;
					};
				};
			};
			buildConfigurationList = 49C1B51E1D6DC1730078BBB1 /* Build configuration list for PBXProject "objc-murmur3-bloomfilter" */;
			compatibilityVersion = "Xcode 3.2";
			developmentRegion = English;
			hasScannedForEncodings = 0;
			knownRegions = (
				en,
			);
			mainGroup = 49C1B51A1D6DC1730078BBB1;
			productRefGroup = 49C1B5241D6DC1730078BBB1 /* Products */;
			projectDirPath = "";
			projectRoot = "";
			targets = (
				49C1B5221D6DC1730078BBB1 /* objc-murmur3-bloomfilter */,
				49C1B52D1D6DC1910078BBB1 /* objc-murmur3-bloomfilter-tests */,
			);
		};
/* End PBXProject section */

/* Begin PBXResourcesBuildPhase section */
		49C1B52C1D6DC1910078BBB1 /* Resources */ = {
			isa = PBXResourcesBuildPhase;
			buildActionMask = 2147483647;
			files = (
			);
			runOnlyForDeploymentPostprocessing = 0;
		};
/* End PBXResourcesBuildPhase section */

/* Begin PBXSourcesBuildPhase section */
		49C1B51F1D6DC1730078BBB1 /* Sources */ = {
			isa = PBXSourcesBuildPhase;
			buildActionMask = 2147483647;
			files = (
				49C1B5411D6DC3320078BBB1 /* BitVector.m in Sources */,
				49C1B5431D6DC3320078BBB1 /* BloomFilter.m in Sources */,
				49C1B5451D6DC3320078BBB1 /* MurmurHash3.m in Sources */,
			);
			runOnlyForDeploymentPostprocessing = 0;
		};
		49C1B52A1D6DC1910078BBB1 /* Sources */ = {
			isa = PBXSourcesBuildPhase;
			buildActionMask = 2147483647;
			files = (
				49C1B5311D6DC1910078BBB1 /* objc_murmur3_bloomfilter_tests.m in Sources */,
			);
			runOnlyForDeploymentPostprocessing = 0;
		};
/* End PBXSourcesBuildPhase section */

/* Begin PBXTargetDependency section */
		49C1B5351D6DC1910078BBB1 /* PBXTargetDependency */ = {
			isa = PBXTargetDependency;
			target = 49C1B5221D6DC1730078BBB1 /* objc-murmur3-bloomfilter */;
			targetProxy = 49C1B5341D6DC1910078BBB1 /* PBXContainerItemProxy */;
		};
/* End PBXTargetDependency section */

/* Begin XCBuildConfiguration section */
		49C1B5251D6DC1730078BBB1 /* Debug */ = {
			isa = XCBuildConfiguration;
			buildSettings = {
				ALWAYS_SEARCH_USER_PATHS = NO;
				CLANG_ANALYZER_NONNULL = YES;
				CLANG_CXX_LANGUAGE_STANDARD = "gnu++0x";
				CLANG_CXX_LIBRARY = "libc++";
				CLANG_ENABLE_MODULES = YES;
				CLANG_ENABLE_OBJC_ARC = YES;
				CLANG_WARN_BOOL_CONVERSION = YES;
				CLANG_WARN_CONSTANT_CONVERSION = YES;
				CLANG_WARN_DIRECT_OBJC_ISA_USAGE = YES_ERROR;
				CLANG_WARN_EMPTY_BODY = YES;
				CLANG_WARN_ENUM_CONVERSION = YES;
				CLANG_WARN_INT_CONVERSION = YES;
				CLANG_WARN_OBJC_ROOT_CLASS = YES_ERROR;
				CLANG_WARN_UNREACHABLE_CODE = YES;
				CLANG_WARN__DUPLICATE_METHOD_MATCH = YES;
				CODE_SIGN_IDENTITY = "-";
				COPY_PHASE_STRIP = NO;
				DEBUG_INFORMATION_FORMAT = dwarf;
				ENABLE_STRICT_OBJC_MSGSEND = YES;
				ENABLE_TESTABILITY = YES;
				GCC_C_LANGUAGE_STANDARD = gnu99;
				GCC_DYNAMIC_NO_PIC = NO;
				GCC_NO_COMMON_BLOCKS = YES;
				GCC_OPTIMIZATION_LEVEL = 0;
				GCC_PREPROCESSOR_DEFINITIONS = (
					"DEBUG=1",
					"$(inherited)",
				);
				GCC_WARN_64_TO_32_BIT_CONVERSION = YES;
				GCC_WARN_ABOUT_RETURN_TYPE = YES_ERROR;
				GCC_WARN_UNDECLARED_SELECTOR = YES;
				GCC_WARN_UNINITIALIZED_AUTOS = YES_AGGRESSIVE;
				GCC_WARN_UNUSED_FUNCTION = YES;
				GCC_WARN_UNUSED_VARIABLE = YES;
				MACOSX_DEPLOYMENT_TARGET = 10.11;
				MTL_ENABLE_DEBUG_INFO = YES;
				ONLY_ACTIVE_ARCH = YES;
				SDKROOT = macosx;
			};
			name = Debug;
		};
		49C1B5261D6DC1730078BBB1 /* Release */ = {
			isa = XCBuildConfiguration;
			buildSettings = {
				ALWAYS_SEARCH_USER_PATHS = NO;
				CLANG_ANALYZER_NONNULL = YES;
				CLANG_CXX_LANGUAGE_STANDARD = "gnu++0x";
				CLANG_CXX_LIBRARY = "libc++";
				CLANG_ENABLE_MODULES = YES;
				CLANG_ENABLE_OBJC_ARC = YES;
				CLANG_WARN_BOOL_CONVERSION = YES;
				CLANG_WARN_CONSTANT_CONVERSION = YES;
				CLANG_WARN_DIRECT_OBJC_ISA_USAGE = YES_ERROR;
				CLANG_WARN_EMPTY_BODY = YES;
				CLANG_WARN_ENUM_CONVERSION = YES;
				CLANG_WARN_INT_CONVERSION = YES;
				CLANG_WARN_OBJC_ROOT_CLASS = YES_ERROR;
				CLANG_WARN_UNREACHABLE_CODE = YES;
				CLANG_WARN__DUPLICATE_METHOD_MATCH = YES;
				CODE_SIGN_IDENTITY = "-";
				COPY_PHASE_STRIP = NO;
				DEBUG_INFORMATION_FORMAT = "dwarf-with-dsym";
				ENABLE_NS_ASSERTIONS = NO;
				ENABLE_STRICT_OBJC_MSGSEND = YES;
				GCC_C_LANGUAGE_STANDARD = gnu99;
				GCC_NO_COMMON_BLOCKS = YES;
				GCC_WARN_64_TO_32_BIT_CONVERSION = YES;
				GCC_WARN_ABOUT_RETURN_TYPE = YES_ERROR;
				GCC_WARN_UNDECLARED_SELECTOR = YES;
				GCC_WARN_UNINITIALIZED_AUTOS = YES_AGGRESSIVE;
				GCC_WARN_UNUSED_FUNCTION = YES;
				GCC_WARN_UNUSED_VARIABLE = YES;
				MACOSX_DEPLOYMENT_TARGET = 10.11;
				MTL_ENABLE_DEBUG_INFO = NO;
				SDKROOT = macosx;
			};
			name = Release;
		};
		49C1B5281D6DC1730078BBB1 /* Debug */ = {
			isa = XCBuildConfiguration;
			buildSettings = {
				EXECUTABLE_PREFIX = lib;
				PRODUCT_NAME = "$(TARGET_NAME)";
			};
			name = Debug;
		};
		49C1B5291D6DC1730078BBB1 /* Release */ = {
			isa = XCBuildConfiguration;
			buildSettings = {
				EXECUTABLE_PREFIX = lib;
				PRODUCT_NAME = "$(TARGET_NAME)";
			};
			name = Release;
		};
		49C1B5371D6DC1910078BBB1 /* Debug */ = {
			isa = XCBuildConfiguration;
			buildSettings = {
				COMBINE_HIDPI_IMAGES = YES;
				INFOPLIST_FILE = "objc-murmur3-bloomfilter-tests/Info.plist";
				LD_RUNPATH_SEARCH_PATHS = "$(inherited) @executable_path/../Frameworks @loader_path/../Frameworks";
				PRODUCT_BUNDLE_IDENTIFIER = "io.pry.objc-murmur3-bloomfilter-tests";
				PRODUCT_NAME = "$(TARGET_NAME)";
			};
			name = Debug;
		};
		49C1B5381D6DC1910078BBB1 /* Release */ = {
			isa = XCBuildConfiguration;
			buildSettings = {
				COMBINE_HIDPI_IMAGES = YES;
				INFOPLIST_FILE = "objc-murmur3-bloomfilter-tests/Info.plist";
				LD_RUNPATH_SEARCH_PATHS = "$(inherited) @executable_path/../Frameworks @loader_path/../Frameworks";
				PRODUCT_BUNDLE_IDENTIFIER = "io.pry.objc-murmur3-bloomfilter-tests";
				PRODUCT_NAME = "$(TARGET_NAME)";
			};
			name = Release;
		};
/* End XCBuildConfiguration section */

/* Begin XCConfigurationList section */
		49C1B51E1D6DC1730078BBB1 /* Build configuration list for PBXProject "objc-murmur3-bloomfilter" */ = {
			isa = XCConfigurationList;
			buildConfigurations = (
				49C1B5251D6DC1730078BBB1 /* Debug */,
				49C1B5261D6DC1730078BBB1 /* Release */,
			);
			defaultConfigurationIsVisible = 0;
			defaultConfigurationName = Release;
		};
		49C1B5271D6DC1730078BBB1 /* Build configuration list for PBXNativeTarget "objc-murmur3-bloomfilter" */ = {
			isa = XCConfigurationList;
			buildConfigurations = (
				49C1B5281D6DC1730078BBB1 /* Debug */,
				49C1B5291D6DC1730078BBB1 /* Release */,
			);
			defaultConfigurationIsVisible = 0;
		};
		49C1B5361D6DC1910078BBB1 /* Build configuration list for PBXNativeTarget "objc-murmur3-bloomfilter-tests" */ = {
			isa = XCConfigurationList;
			buildConfigurations = (
				49C1B5371D6DC1910078BBB1 /* Debug */,
				49C1B5381D6DC1910078BBB1 /* Release */,
			);
			defaultConfigurationIsVisible = 0;
		};
/* End XCConfigurationList section */
	};
	rootObject = 49C1B51B1D6DC1730078BBB1 /* Project object */;
}
